{
  "lockfileVersion": 1,
  "configVersion": 1,
  "workspaces": {
    "": {
      "name": "mint",
      "dependencies": {
        "@nivo/bar": "^0.99.0",
        "@nivo/bullet": "^0.99.0",
        "@nivo/bump": "^0.99.0",
        "@nivo/calendar": "^0.99.0",
        "@nivo/circle-packing": "^0.99.0",
        "@nivo/core": "^0.99.0",
        "@nivo/funnel": "^0.99.0",
        "@nivo/heatmap": "^0.99.0",
        "@nivo/icicle": "^0.99.0",
        "@nivo/line": "^0.99.0",
        "@nivo/marimekko": "^0.99.0",
        "@nivo/network": "^0.99.0",
        "@nivo/parallel-coordinates": "^0.99.0",
        "@nivo/pie": "^0.99.0",
        "@nivo/radar": "^0.99.0",
        "@nivo/radial-bar": "^0.99.0",
        "@nivo/sankey": "^0.99.0",
        "@nivo/scatterplot": "^0.99.0",
        "@nivo/stream": "^0.99.0",
        "@nivo/sunburst": "^0.99.0",
        "@nivo/theming": "^0.99.0",
        "@nivo/treemap": "^0.99.0",
        "@nivo/waffle": "^0.99.0",
        "@resvg/resvg-wasm": "^2.6.2",
        "react": "^19.1.0",
        "react-dom": "^19.1.0",
      },
      "devDependencies": {
        "@types/bun": "^1.1.0",
        "@types/react": "^19.1.0",
        "@types/react-dom": "^19.1.0",
        "typescript": "^5.6.0",
      },
    },
  },
  "packages": {
    "@nivo/annotations": ["@nivo/annotations@0.99.0", "https://registry.npmmirror.com/@nivo/annotations/-/annotations-0.99.0.tgz", { "dependencies": { "@nivo/colors": "0.99.0", "@nivo/core": "0.99.0", "@nivo/theming": "0.99.0", "@react-spring/web": "9.4.5 || ^9.7.2 || ^10.0", "lodash": "^4.17.21" }, "peerDependencies": { "react": "^16.14 || ^17.0 || ^18.0 || ^19.0" } }, "sha512-jCuuXPbvpaqaz4xF7k5dv0OT2ubn5Nt0gWryuTe/8oVsC/9bzSuK8bM9vBty60m9tfO+X8vUYliuaCDwGksC2g=="],

    "@nivo/arcs": ["@nivo/arcs@0.99.0", "https://registry.npmmirror.com/@nivo/arcs/-/arcs-0.99.0.tgz", { "dependencies": { "@nivo/colors": "0.99.0", "@nivo/core": "0.99.0", "@nivo/text": "0.99.0", "@nivo/theming": "0.99.0", "@react-spring/core": "9.4.5 || ^9.7.2 || ^10.0", "@react-spring/web": "9.4.5 || ^9.7.2 || ^10.0", "@types/d3-shape": "^3.1.6", "d3-shape": "^3.2.0" }, "peerDependencies": { "react": "^16.14 || ^17.0 || ^18.0 || ^19.0" } }, "sha512-UcvWLQPl+A3APk2Gm74N5xDfT+ATnVs2XkP73WxhYPWJk+dBzF00cndA5g/dptOwdFBvvo62VgcCsNiwUsjKTw=="],

    "@nivo/axes": ["@nivo/axes@0.99.0", "https://registry.npmmirror.com/@nivo/axes/-/axes-0.99.0.tgz", { "dependencies": { "@nivo/core": "0.99.0", "@nivo/scales": "0.99.0", "@nivo/text": "0.99.0", "@nivo/theming": "0.99.0", "@react-spring/web": "9.4.5 || ^9.7.2 || ^10.0", "@types/d3-format": "^1.4.1", "@types/d3-time-format": "^2.3.1", "d3-format": "^1.4.4", "d3-time-format": "^3.0.0" }, "peerDependencies": { "react": "^16.14 || ^17.0 || ^18.0 || ^19.0" } }, "sha512-3KschnmEL0acRoa7INSSOSEFwJLm54aZwSev7/r8XxXlkgRBriu6ReZy/FG0wfN+ljZ4GMvx+XyIIf6kxzvrZg=="],

    "@nivo/bar": ["@nivo/bar@0.99.0", "https://registry.npmmirror.com/@nivo/bar/-/bar-0.99.0.tgz", { "dependencies": { "@nivo/annotations": "0.99.0", "@nivo/axes": "0.99.0", "@nivo/canvas": "0.99.0", "@nivo/colors": "0.99.0", "@nivo/core": "0.99.0", "@nivo/legends": "0.99.0", "@nivo/scales": "0.99.0", "@nivo/text": "0.99.0", "@nivo/theming": "0.99.0", "@nivo/tooltip": "0.99.0", "@react-spring/web": "9.4.5 || ^9.7.2 || ^10.0", "@types/d3-scale": "^4.0.8", "@types/d3-shape": "^3.1.6", "d3-scale": "^4.0.2", "d3-shape": "^3.2.0", "lodash": "^4.17.21" }, "peerDependencies": { "react": "^16.14 || ^17.0 || ^18.0 || ^19.0" } }, "sha512-9yfMn7H6UF/TqtCwVZ/vihVAXUff9wWvSaeF2Z1DCfgr5S07qs31Qb2p0LZA+YgCWpaU7zqkeb3VZ4WCpZbrDA=="],

    "@nivo/bullet": ["@nivo/bullet@0.99.0", "https://registry.npmmirror.com/@nivo/bullet/-/bullet-0.99.0.tgz", { "dependencies": { "@nivo/axes": "0.99.0", "@nivo/colors": "0.99.0", "@nivo/core": "0.99.0", "@nivo/legends": "0.99.0", "@nivo/scales": "0.99.0", "@nivo/text": "0.99.0", "@nivo/theming": "0.99.0", "@nivo/tooltip": "0.99.0", "@react-spring/web": "9.4.5 || ^9.7.2 || ^10.0" }, "peerDependencies": { "react": "^16.14 || ^17.0 || ^18.0 || ^19.0" } }, "sha512-dud+cBiOmQPDuqgOePTXzEtiEA6OqF18LgvIflNld+RACQsZXLj5INaDjwlgBTb0svSPNqZH+AGWO1EegYFfrw=="],

    "@nivo/bump": ["@nivo/bump@0.99.0", "https://registry.npmmirror.com/@nivo/bump/-/bump-0.99.0.tgz", { "dependencies": { "@nivo/axes": "0.99.0", "@nivo/colors": "0.99.0", "@nivo/core": "0.99.0", "@nivo/legends": "0.99.0", "@nivo/scales": "0.99.0", "@nivo/text": "0.99.0", "@nivo/theming": "0.99.0", "@nivo/tooltip": "0.99.0", "@nivo/voronoi": "0.99.0", "@react-spring/web": "9.4.5 || ^9.7.2 || ^10.0", "@types/d3-scale": "^4.0.8", "@types/d3-shape": "^3.1.6", "d3-scale": "^4.0.2", "d3-shape": "^3.2.0" }, "peerDependencies": { "react": "^16.14 || ^17.0 || ^18.0 || ^19.0" } }, "sha512-NBaWhQFbCu0vgJJxHPpX4Q6i3iaqlXg6D2rW6GBNr7J1SUpJ2WbauzrOhFGt5EwwvV8vQbsStEyHKkhFfT94Nw=="],

    "@nivo/calendar": ["@nivo/calendar@0.99.0", "https://registry.npmmirror.com/@nivo/calendar/-/calendar-0.99.0.tgz", { "dependencies": { "@nivo/core": "0.99.0", "@nivo/legends": "0.99.0", "@nivo/text": "0.99.0", "@nivo/theming": "0.99.0", "@nivo/tooltip": "0.99.0", "@types/d3-scale": "^4.0.8", "@types/d3-time": "^1.0.10", "@types/d3-time-format": "^3.0.0", "d3-scale": "^4.0.2", "d3-time": "^1.0.10", "d3-time-format": "^3.0.0", "lodash": "^4.17.21" }, "peerDependencies": { "react": "^16.14 || ^17.0 || ^18.0 || ^19.0" } }, "sha512-8Y6rIjAMt4hMWpkIUmb7skr8boAdoE7Bb4liAFSkkyRgsK4iFnFbaf1x5wLk7YmyY4v8LZ4PjNyGOYPBJU2wtw=="],

    "@nivo/canvas": ["@nivo/canvas@0.99.0", "https://registry.npmmirror.com/@nivo/canvas/-/canvas-0.99.0.tgz", {}, "sha512-UxA8zb+NPwqmNm81hoyUZSMAikgjU1ukLf4KybVNyV8ejcJM+BUFXsb8DxTcLdt4nmCFHqM56GaJQv2hnAHmzg=="],

    "@nivo/circle-packing": ["@nivo/circle-packing@0.99.0", "https://registry.npmmirror.com/@nivo/circle-packing/-/circle-packing-0.99.0.tgz", { "dependencies": { "@nivo/colors": "0.99.0", "@nivo/core": "0.99.0", "@nivo/theming": "0.99.0", "@nivo/tooltip": "0.99.0", "@react-spring/web": "9.4.5 || ^9.7.2 || ^10.0", "@types/d3-hierarchy": "^3.1.7", "d3-hierarchy": "^3.1.2", "lodash": "^4.17.21" }, "peerDependencies": { "react": "^16.14 || ^17.0 || ^18.0 || ^19.0" } }, "sha512-UbSY1MR3YSMwwJBY877+XAzKLMmJKHf4KJNCroJrG4VrsgkMzcb3Mnni2FZO/oVV8/IsVKSvrUBD24vU5yD6Uw=="],

    "@nivo/colors": ["@nivo/colors@0.99.0", "https://registry.npmmirror.com/@nivo/colors/-/colors-0.99.0.tgz", { "dependencies": { "@nivo/core": "0.99.0", "@nivo/theming": "0.99.0", "@types/d3-color": "^3.0.0", "@types/d3-scale": "^4.0.8", "@types/d3-scale-chromatic": "^3.0.0", "d3-color": "^3.1.0", "d3-scale": "^4.0.2", "d3-scale-chromatic": "^3.0.0", "lodash": "^4.17.21" }, "peerDependencies": { "react": "^16.14 || ^17.0 || ^18.0 || ^19.0" } }, "sha512-hyYt4lEFIfXOUmQ6k3HXm3KwhcgoJpocmoGzLUqzk7DzuhQYJo+4d5jIGGU0N/a70+9XbHIdpKNSblHAIASD3w=="],

    "@nivo/core": ["@nivo/core@0.99.0", "https://registry.npmmirror.com/@nivo/core/-/core-0.99.0.tgz", { "dependencies": { "@nivo/theming": "0.99.0", "@nivo/tooltip": "0.99.0", "@react-spring/web": "9.4.5 || ^9.7.2 || ^10.0", "@types/d3-shape": "^3.1.6", "d3-color": "^3.1.0", "d3-format": "^1.4.4", "d3-interpolate": "^3.0.1", "d3-scale": "^4.0.2", "d3-scale-chromatic": "^3.0.0", "d3-shape": "^3.2.0", "d3-time-format": "^3.0.0", "lodash": "^4.17.21", "react-virtualized-auto-sizer": "^1.0.26", "use-debounce": "^10.0.4" }, "peerDependencies": { "react": "^16.14 || ^17.0 || ^18.0 || ^19.0" } }, "sha512-olCItqhPG3xHL5ei+vg52aB6o+6S+xR2idpkd9RormTTUniZb8U2rOdcQojOojPY5i9kVeQyLFBpV4YfM7OZ9g=="],

    "@nivo/funnel": ["@nivo/funnel@0.99.0", "https://registry.npmmirror.com/@nivo/funnel/-/funnel-0.99.0.tgz", { "dependencies": { "@nivo/annotations": "0.99.0", "@nivo/colors": "0.99.0", "@nivo/core": "0.99.0", "@nivo/text": "0.99.0", "@nivo/theming": "0.99.0", "@nivo/tooltip": "0.99.0", "@react-spring/web": "9.4.5 || ^9.7.2 || ^10.0", "@types/d3-scale": "^4.0.8", "@types/d3-shape": "^3.1.6", "d3-scale": "^4.0.2", "d3-shape": "^3.2.0" }, "peerDependencies": { "react": "^16.14 || ^17.0 || ^18.0 || ^19.0" } }, "sha512-1wiAeY/+Xl1W7Y6S2aNTatEjXXtKX2BW94+zlICML8eWxx/ke7wyiiMsiu3XtJD+tADepzx9DsZKeXUyErat+A=="],

    "@nivo/grid": ["@nivo/grid@0.99.0", "https://registry.npmmirror.com/@nivo/grid/-/grid-0.99.0.tgz", {}, "sha512-mZiCa8PJ5j8Z7I9lwQvtBvSy++Oyaa/1ztYWQeTaoLxuoUmrpFpc4WK38lETLPzU32EwukZKFNkFp700itmaWw=="],

    "@nivo/heatmap": ["@nivo/heatmap@0.99.0", "https://registry.npmmirror.com/@nivo/heatmap/-/heatmap-0.99.0.tgz", { "dependencies": { "@nivo/annotations": "0.99.0", "@nivo/axes": "0.99.0", "@nivo/colors": "0.99.0", "@nivo/core": "0.99.0", "@nivo/legends": "0.99.0", "@nivo/scales": "0.99.0", "@nivo/text": "0.99.0", "@nivo/theming": "0.99.0", "@nivo/tooltip": "0.99.0", "@react-spring/core": "9.4.5 || ^9.7.2 || ^10.0", "@react-spring/web": "9.4.5 || ^9.7.2 || ^10.0", "@types/d3-scale": "^4.0.8", "d3-scale": "^4.0.2" }, "peerDependencies": { "react": "^16.14 || ^17.0 || ^18.0 || ^19.0" } }, "sha512-cnd5V6XYLvHtQ8GObUyYyEgmAUa5/ERYVmNXR1znA+yzmB+tGthJsOeGar+ntCb43pIL5HbhEaD3YpsYzBxOhQ=="],

    "@nivo/icicle": ["@nivo/icicle@0.99.0", "https://registry.npmmirror.com/@nivo/icicle/-/icicle-0.99.0.tgz", { "dependencies": { "@nivo/colors": "0.99.0", "@nivo/core": "0.99.0", "@nivo/rects": "0.99.0", "@nivo/theming": "0.99.0", "@nivo/tooltip": "0.99.0", "@types/d3-hierarchy": "^3.1.7", "d3-hierarchy": "^3.1.2", "lodash": "^4.17.21" }, "peerDependencies": { "react": "^16.14 || ^17.0 || ^18.0 || ^19.0" } }, "sha512-MHwPP+GtnsduGONNPXUzRE379WXqpnx70hvRh/o0WiyRibjNu/gvD5rf03w3n93bL44614oGLXfTCuGEoMZR9g=="],

    "@nivo/legends": ["@nivo/legends@0.99.0", "https://registry.npmmirror.com/@nivo/legends/-/legends-0.99.0.tgz", { "dependencies": { "@nivo/colors": "0.99.0", "@nivo/core": "0.99.0", "@nivo/text": "0.99.0", "@nivo/theming": "0.99.0", "@types/d3-scale": "^4.0.8", "d3-scale": "^4.0.2" }, "peerDependencies": { "react": "^16.14 || ^17.0 || ^18.0 || ^19.0" } }, "sha512-P16FjFqNceuTTZphINAh5p0RF0opu3cCKoWppe2aRD9IuVkvRm/wS5K1YwMCxDzKyKh5v0AuTlu9K6o3/hk8hA=="],

    "@nivo/line": ["@nivo/line@0.99.0", "https://registry.npmmirror.com/@nivo/line/-/line-0.99.0.tgz", { "dependencies": { "@nivo/annotations": "0.99.0", "@nivo/axes": "0.99.0", "@nivo/colors": "0.99.0", "@nivo/core": "0.99.0", "@nivo/legends": "0.99.0", "@nivo/scales": "0.99.0", "@nivo/theming": "0.99.0", "@nivo/tooltip": "0.99.0", "@nivo/voronoi": "0.99.0", "@react-spring/web": "9.4.5 || ^9.7.2 || ^10.0", "@types/d3-shape": "^3.1.6", "d3-shape": "^3.2.0" }, "peerDependencies": { "react": "^16.14 || ^17.0 || ^18.0 || ^19.0" } }, "sha512-bAqTXSjpnpcGMs341qWFUi7hJTqQiNoSeJHsYPuPS3icuXPcp3WETQH+zRZACeEF79ZigeOWCW+dzODgne1y9w=="],

    "@nivo/marimekko": ["@nivo/marimekko@0.99.0", "https://registry.npmmirror.com/@nivo/marimekko/-/marimekko-0.99.0.tgz", { "dependencies": { "@nivo/axes": "0.99.0", "@nivo/colors": "0.99.0", "@nivo/core": "0.99.0", "@nivo/legends": "0.99.0", "@nivo/scales": "0.99.0", "@nivo/theming": "0.99.0", "@nivo/tooltip": "0.99.0", "@react-spring/web": "9.4.5 || ^9.7.2 || ^10.0", "@types/d3-shape": "^3.1.6", "d3-shape": "^3.2.0", "lodash": "^4.17.21" }, "peerDependencies": { "react": "^16.14 || ^17.0 || ^18.0 || ^19.0" } }, "sha512-TWLg41yfTB3IC4iIxGL9gM8DC05W/DZIo2InFTzgohA9GHGx3r8jbeNgJzEINELqZSzC6QA+UAp3whdntV9npA=="],

    "@nivo/network": ["@nivo/network@0.99.0", "https://registry.npmmirror.com/@nivo/network/-/network-0.99.0.tgz", { "dependencies": { "@nivo/annotations": "0.99.0", "@nivo/colors": "0.99.0", "@nivo/core": "0.99.0", "@nivo/theming": "0.99.0", "@nivo/tooltip": "0.99.0", "@react-spring/web": "9.4.5 || ^9.7.2 || ^10.0", "@types/d3-force": "^2.1.0", "d3-force": "^2.0.1" }, "peerDependencies": { "react": "^16.14 || ^17.0 || ^18.0 || ^19.0" } }, "sha512-s+xSFpbv7Z6fNQQdq07v8NXOt15a9M2qgpocyCzm7gWHEsTkFBjNu5l5X5xA2eL9PuQ4vQbrAf64XNYA/rzKbw=="],

    "@nivo/parallel-coordinates": ["@nivo/parallel-coordinates@0.99.0", "https://registry.npmmirror.com/@nivo/parallel-coordinates/-/parallel-coordinates-0.99.0.tgz", { "dependencies": { "@nivo/axes": "0.99.0", "@nivo/colors": "0.99.0", "@nivo/core": "0.99.0", "@nivo/legends": "0.99.0", "@nivo/scales": "0.99.0", "@nivo/theming": "0.99.0", "@nivo/tooltip": "0.99.0", "@react-spring/web": "9.4.5 || ^9.7.2 || ^10.0", "@types/d3-scale": "^4.0.8", "@types/d3-shape": "^3.1.6", "d3-scale": "^4.0.2", "d3-shape": "^3.2.0" }, "peerDependencies": { "react": "^16.14 || ^17.0 || ^18.0 || ^19.0" } }, "sha512-8LTvJJ/oLr+VuBzi22GVt8aC69RiH3xDA3kcFia8ljRcZLP7Tk37g8GtE7LVO0Hd6/F+Aim3pBcm5v03mNBAkw=="],

    "@nivo/pie": ["@nivo/pie@0.99.0", "https://registry.npmmirror.com/@nivo/pie/-/pie-0.99.0.tgz", { "dependencies": { "@nivo/arcs": "0.99.0", "@nivo/colors": "0.99.0", "@nivo/core": "0.99.0", "@nivo/legends": "0.99.0", "@nivo/theming": "0.99.0", "@nivo/tooltip": "0.99.0", "@types/d3-shape": "^3.1.6", "d3-shape": "^3.2.0" }, "peerDependencies": { "react": "^16.14 || ^17.0 || ^18.0 || ^19.0" } }, "sha512-zUbo8UdLndp2RMljrOqitAKKEnl7YypkJrOzjKLk8jQGU7qqUKtgFoJIPhiBsvNPs3xtX2KwgtS1+JKNTNns7A=="],

    "@nivo/polar-axes": ["@nivo/polar-axes@0.99.0", "https://registry.npmmirror.com/@nivo/polar-axes/-/polar-axes-0.99.0.tgz", { "dependencies": { "@nivo/arcs": "0.99.0", "@nivo/core": "0.99.0", "@nivo/scales": "0.99.0", "@nivo/text": "0.99.0", "@nivo/theming": "0.99.0", "@react-spring/web": "9.4.5 || ^9.7.2 || ^10.0" }, "peerDependencies": { "react": "^16.14 || ^17.0 || ^18.0 || ^19.0" } }, "sha512-4+Aq8GXMDGBiRCIKNuNcmYA389sU0JV0yQopXqnIpj/kFJAZE0wYtqvHe3Qry8uP5ttwVmcwMv2FcfEEBR613g=="],

    "@nivo/radar": ["@nivo/radar@0.99.0", "https://registry.npmmirror.com/@nivo/radar/-/radar-0.99.0.tgz", { "dependencies": { "@nivo/colors": "0.99.0", "@nivo/core": "0.99.0", "@nivo/legends": "0.99.0", "@nivo/text": "0.99.0", "@nivo/theming": "0.99.0", "@nivo/tooltip": "0.99.0", "@react-spring/web": "9.4.5 || ^9.7.2 || ^10.0", "@types/d3-scale": "^4.0.8", "@types/d3-shape": "^3.1.6", "d3-scale": "^4.0.2", "d3-shape": "^3.2.0" }, "peerDependencies": { "react": "^16.14 || ^17.0 || ^18.0 || ^19.0" } }, "sha512-nLLUBs/TR8qEoXpvhawjg2Kt22Pma8MQRc35e/3HQGW2xuX9cZeIEx2gyx6jJAsaxTrBsb4ZcxRAflNXVWiZSQ=="],

    "@nivo/radial-bar": ["@nivo/radial-bar@0.99.0", "https://registry.npmmirror.com/@nivo/radial-bar/-/radial-bar-0.99.0.tgz", { "dependencies": { "@nivo/arcs": "0.99.0", "@nivo/colors": "0.99.0", "@nivo/core": "0.99.0", "@nivo/legends": "0.99.0", "@nivo/polar-axes": "0.99.0", "@nivo/scales": "0.99.0", "@nivo/theming": "0.99.0", "@nivo/tooltip": "0.99.0", "@react-spring/web": "9.4.5 || ^9.7.2 || ^10.0", "@types/d3-scale": "^4.0.8", "@types/d3-shape": "^3.1.6", "d3-scale": "^4.0.2", "d3-shape": "^3.2.0" }, "peerDependencies": { "react": "^16.14 || ^17.0 || ^18.0 || ^19.0" } }, "sha512-xT9ncFgufzN/e87rTCO5jjTD7JQsuMIxUY3goUXwbWD6Yd5w/t0dVvpcwcsvKpL0vJftOwcWnGB/zpOi3oKoTA=="],

    "@nivo/rects": ["@nivo/rects@0.99.0", "https://registry.npmmirror.com/@nivo/rects/-/rects-0.99.0.tgz", { "dependencies": { "@nivo/colors": "0.99.0", "@nivo/core": "0.99.0", "@nivo/text": "0.99.0", "@nivo/theming": "0.99.0", "@react-spring/core": "9.4.5 || ^9.7.2 || ^10.0", "@react-spring/web": "9.4.5 || ^9.7.2 || ^10.0" }, "peerDependencies": { "react": "^16.14 || ^17.0 || ^18.0 || ^19.0" } }, "sha512-o9UpfUJAkkBQ9rlMx4e7zsuOyoNJWsG2axST+JHVskD/68nMD/VpIuTN0lhmpyzrrEmMSGn3HBOo7ak+p6VJzw=="],

    "@nivo/sankey": ["@nivo/sankey@0.99.0", "https://registry.npmmirror.com/@nivo/sankey/-/sankey-0.99.0.tgz", { "dependencies": { "@nivo/colors": "0.99.0", "@nivo/core": "0.99.0", "@nivo/legends": "0.99.0", "@nivo/text": "0.99.0", "@nivo/theming": "0.99.0", "@nivo/tooltip": "0.99.0", "@react-spring/web": "9.4.5 || ^9.7.2 || ^10.0", "@types/d3-sankey": "^0.11.2", "@types/d3-shape": "^3.1.6", "d3-sankey": "^0.12.3", "d3-shape": "^3.2.0", "lodash": "^4.17.21" }, "peerDependencies": { "react": "^16.14 || ^17.0 || ^18.0 || ^19.0" } }, "sha512-u5hySywsachjo9cHdUxCR9qwD6gfRVPEAcpuIUKiA0WClDjdGbl3vkrQcQcFexJUBThqSSbwGCDWR+2INXSbTw=="],

    "@nivo/scales": ["@nivo/scales@0.99.0", "https://registry.npmmirror.com/@nivo/scales/-/scales-0.99.0.tgz", { "dependencies": { "@types/d3-interpolate": "^3.0.4", "@types/d3-scale": "^4.0.8", "@types/d3-time": "^1.1.1", "@types/d3-time-format": "^3.0.0", "d3-interpolate": "^3.0.1", "d3-scale": "^4.0.2", "d3-time": "^1.0.11", "d3-time-format": "^3.0.0", "lodash": "^4.17.21" } }, "sha512-g/2K4L6L8si6E2BWAHtFVGahtDKbUcO6xHJtlIZMwdzaJc7yB16EpWLK8AfI/A42KadLhJSJqBK3mty+c7YZ+w=="],

    "@nivo/scatterplot": ["@nivo/scatterplot@0.99.0", "https://registry.npmmirror.com/@nivo/scatterplot/-/scatterplot-0.99.0.tgz", { "dependencies": { "@nivo/annotations": "0.99.0", "@nivo/axes": "0.99.0", "@nivo/colors": "0.99.0", "@nivo/core": "0.99.0", "@nivo/legends": "0.99.0", "@nivo/scales": "0.99.0", "@nivo/theming": "0.99.0", "@nivo/tooltip": "0.99.0", "@nivo/voronoi": "0.99.0", "@react-spring/web": "9.4.5 || ^9.7.2 || ^10.0", "@types/d3-scale": "^4.0.8", "@types/d3-shape": "^3.1.6", "d3-scale": "^4.0.2", "d3-shape": "^3.2.0", "lodash": "^4.17.21" }, "peerDependencies": { "react": "^16.14 || ^17.0 || ^18.0 || ^19.0" } }, "sha512-/fc0LPw2BdPgj+4cKqXlfSsQ9Z3EU0U4UBLDQ07GJCAkqA+IrufYGVVkAKRKyrLrG3sKFGBdZDinkp3LxuiwFg=="],

    "@nivo/stream": ["@nivo/stream@0.99.0", "https://registry.npmmirror.com/@nivo/stream/-/stream-0.99.0.tgz", { "dependencies": { "@nivo/axes": "0.99.0", "@nivo/colors": "0.99.0", "@nivo/core": "0.99.0", "@nivo/legends": "0.99.0", "@nivo/scales": "0.99.0", "@nivo/theming": "0.99.0", "@nivo/tooltip": "0.99.0", "@react-spring/web": "9.4.5 || ^9.7.2 || ^10.0", "@types/d3-shape": "^3.1.6", "d3-shape": "^3.2.0" }, "peerDependencies": { "react": "^16.14 || ^17.0 || ^18.0 || ^19.0" } }, "sha512-/vXtbU1Nzepgxg0Y3Wrve7Q6BllaQCP9+lLpPCiRWWXIyODcKSauqsYKY4kas9YcIfJbchJclVD2CSHKt+lPxQ=="],

    "@nivo/sunburst": ["@nivo/sunburst@0.99.0", "https://registry.npmmirror.com/@nivo/sunburst/-/sunburst-0.99.0.tgz", { "dependencies": { "@nivo/arcs": "0.99.0", "@nivo/colors": "0.99.0", "@nivo/core": "0.99.0", "@nivo/theming": "0.99.0", "@nivo/tooltip": "0.99.0", "@types/d3-hierarchy": "^3.1.7", "d3-hierarchy": "^3.1.2", "lodash": "^4.17.21" }, "peerDependencies": { "react": "^16.14 || ^17.0 || ^18.0 || ^19.0" } }, "sha512-TA9FKLcfm2xbdiXPoCtUa2pTMt4bFDt1NcoBDtli1XHOkUJ3LgiuLmqplTjbnZ1lYn4ChSii5uCkTviAhlCGAg=="],

    "@nivo/text": ["@nivo/text@0.99.0", "https://registry.npmmirror.com/@nivo/text/-/text-0.99.0.tgz", { "dependencies": { "@nivo/core": "0.99.0", "@nivo/theming": "0.99.0", "@react-spring/web": "9.4.5 || ^9.7.2 || ^10.0" }, "peerDependencies": { "react": "^16.14 || ^17.0 || ^18.0 || ^19.0" } }, "sha512-ho3oZpAZApsJNjsIL5WJSAdg/wjzTBcwo1KiHBlRGUmD+yUWO8qp7V+mnYRhJchwygtRVALlPgZ/rlcW2Xr/MQ=="],

    "@nivo/theming": ["@nivo/theming@0.99.0", "https://registry.npmmirror.com/@nivo/theming/-/theming-0.99.0.tgz", { "dependencies": { "lodash": "^4.17.21" }, "peerDependencies": { "react": "^16.14 || ^17.0 || ^18.0 || ^19.0" } }, "sha512-KvXlf0nqBzh/g2hAIV9bzscYvpq1uuO3TnFN3RDXGI72CrbbZFTGzprPju3sy/myVsauv+Bb+V4f5TZ0jkYKRg=="],

    "@nivo/tooltip": ["@nivo/tooltip@0.99.0", "https://registry.npmmirror.com/@nivo/tooltip/-/tooltip-0.99.0.tgz", { "dependencies": { "@nivo/core": "0.99.0", "@nivo/theming": "0.99.0", "@react-spring/web": "9.4.5 || ^9.7.2 || ^10.0" }, "peerDependencies": { "react": "^16.14 || ^17.0 || ^18.0 || ^19.0" } }, "sha512-weoEGR3xAetV4k2P6k96cdamGzKQ5F2Pq+uyDaHr1P3HYArM879Pl+x+TkU0aWjP6wgUZPx/GOBiV1Hb1JxIqg=="],

    "@nivo/treemap": ["@nivo/treemap@0.99.0", "https://registry.npmmirror.com/@nivo/treemap/-/treemap-0.99.0.tgz", { "dependencies": { "@nivo/colors": "0.99.0", "@nivo/core": "0.99.0", "@nivo/text": "0.99.0", "@nivo/theming": "0.99.0", "@nivo/tooltip": "0.99.0", "@react-spring/core": "9.4.5 || ^9.7.2 || ^10.0", "@react-spring/web": "9.4.5 || ^9.7.2 || ^10.0", "@types/d3-hierarchy": "^3.1.7", "d3-hierarchy": "^3.1.2", "lodash": "^4.17.21" }, "peerDependencies": { "react": "^16.14 || ^17.0 || ^18.0 || ^19.0" } }, "sha512-zGVQyR+e38UqUsMrsnio8Ulz7IYDZ4HpUv+iVKSYX29Fa8TS39yHGyaGXTXt6PvL6owjvdwhJ/7TQAeO/qcWaQ=="],

    "@nivo/voronoi": ["@nivo/voronoi@0.99.0", "https://registry.npmmirror.com/@nivo/voronoi/-/voronoi-0.99.0.tgz", { "dependencies": { "@nivo/core": "0.99.0", "@nivo/theming": "0.99.0", "@nivo/tooltip": "0.99.0", "@types/d3-delaunay": "^6.0.4", "@types/d3-scale": "^4.0.8", "d3-delaunay": "^6.0.4", "d3-scale": "^4.0.2" }, "peerDependencies": { "react": "^16.14 || ^17.0 || ^18.0 || ^19.0" } }, "sha512-KfmMdidbYzhiUCki1FG4X4nHEFT4loK8G5bMBnmCl9U+S78W+gvkfrgD2Aoqp/Q9yKQvr3Y8UcZKSFZnn3HgjQ=="],

    "@nivo/waffle": ["@nivo/waffle@0.99.0", "https://registry.npmmirror.com/@nivo/waffle/-/waffle-0.99.0.tgz", { "dependencies": { "@nivo/canvas": "0.99.0", "@nivo/colors": "0.99.0", "@nivo/core": "0.99.0", "@nivo/grid": "0.99.0", "@nivo/legends": "0.99.0", "@nivo/theming": "0.99.0", "@nivo/tooltip": "0.99.0", "@react-spring/web": "9.4.5 || ^9.7.2 || ^10.0", "@types/d3-shape": "^3.1.6", "d3-shape": "^3.2.0" }, "peerDependencies": { "react": "^16.14 || ^17.0 || ^18.0 || ^19.0" } }, "sha512-3JyC0O/dLjLVqYCigsCfreAgAqFkEFEdSq4MGVdSRnw2Huha6kx8/U3XTF6fRQemvTYnNpXybHd8rlddjtVE/Q=="],

    "@react-spring/animated": ["@react-spring/animated@9.4.5", "https://registry.npmmirror.com/@react-spring/animated/-/animated-9.4.5.tgz", { "dependencies": { "@react-spring/shared": "~9.4.5", "@react-spring/types": "~9.4.5" }, "peerDependencies": { "react": "^16.8.0  || >=17.0.0 || >=18.0.0" } }, "sha512-KWqrtvJSMx6Fj9nMJkhTwM9r6LIriExDRV6YHZV9HKQsaolUFppgkOXpC+rsL1JEtEvKv6EkLLmSqHTnuYjiIA=="],

    "@react-spring/core": ["@react-spring/core@9.4.5", "https://registry.npmmirror.com/@react-spring/core/-/core-9.4.5.tgz", { "dependencies": { "@react-spring/animated": "~9.4.5", "@react-spring/rafz": "~9.4.5", "@react-spring/shared": "~9.4.5", "@react-spring/types": "~9.4.5" }, "peerDependencies": { "react": "^16.8.0  || >=17.0.0 || >=18.0.0" } }, "sha512-83u3FzfQmGMJFwZLAJSwF24/ZJctwUkWtyPD7KYtNagrFeQKUH1I05ZuhmCmqW+2w1KDW1SFWQ43RawqfXKiiQ=="],

    "@react-spring/rafz": ["@react-spring/rafz@9.4.5", "https://registry.npmmirror.com/@react-spring/rafz/-/rafz-9.4.5.tgz", {}, "sha512-swGsutMwvnoyTRxvqhfJBtGM8Ipx6ks0RkIpNX9F/U7XmyPvBMGd3GgX/mqxZUpdlsuI1zr/jiYw+GXZxAlLcQ=="],

    "@react-spring/shared": ["@react-spring/shared@9.4.5", "https://registry.npmmirror.com/@react-spring/shared/-/shared-9.4.5.tgz", { "dependencies": { "@react-spring/rafz": "~9.4.5", "@react-spring/types": "~9.4.5" }, "peerDependencies": { "react": "^16.8.0  || >=17.0.0 || >=18.0.0" } }, "sha512-JhMh3nFKsqyag0KM5IIM8BQANGscTdd0mMv3BXsUiMZrcjQTskyfnv5qxEeGWbJGGar52qr5kHuBHtCjQOzniA=="],

    "@react-spring/types": ["@react-spring/types@9.4.5", "https://registry.npmmirror.com/@react-spring/types/-/types-9.4.5.tgz", {}, "sha512-mpRIamoHwql0ogxEUh9yr4TP0xU5CWyZxVQeccGkHHF8kPMErtDXJlxyo0lj+telRF35XNihtPTWoflqtyARmg=="],

    "@react-spring/web": ["@react-spring/web@9.4.5", "https://registry.npmmirror.com/@react-spring/web/-/web-9.4.5.tgz", { "dependencies": { "@react-spring/animated": "~9.4.5", "@react-spring/core": "~9.4.5", "@react-spring/shared": "~9.4.5", "@react-spring/types": "~9.4.5" }, "peerDependencies": { "react": "^16.8.0  || >=17.0.0 || >=18.0.0", "react-dom": "^16.8.0  || >=17.0.0 || >=18.0.0" } }, "sha512-NGAkOtKmOzDEctL7MzRlQGv24sRce++0xAY7KlcxmeVkR7LRSGkoXHaIfm9ObzxPMcPHQYQhf3+X9jepIFNHQA=="],

    "@resvg/resvg-wasm": ["@resvg/resvg-wasm@2.6.2", "https://registry.npmmirror.com/@resvg/resvg-wasm/-/resvg-wasm-2.6.2.tgz", {}, "sha512-FqALmHI8D4o6lk/LRWDnhw95z5eO+eAa6ORjVg09YRR7BkcM6oPHU9uyC0gtQG5vpFLvgpeU4+zEAz2H8APHNw=="],

    "@types/bun": ["@types/bun@1.4.2", "https://registry.npmmirror.com/@types/bun/-/bun-1.4.2.tgz", { "dependencies": { "bun-types": "1.4.2" } }, "sha512-GimotNn7+ZV0uVArItBbriZsR1oNf0+WTzPkdcFrzShI7k2norL0uzEaJT8T33dWr7O/c9ZDuAFQrctKCi72oQ=="],

    "@types/d3-color": ["@types/d3-color@3.1.3", "https://registry.npmmirror.com/@types/d3-color/-/d3-color-3.1.3.tgz", {}, "sha512-iO90scth9WAbmgv7ogoq57O9YpKmFBbmoEoCHDB2xMBY0+/KVrqAaCDyCE16dUspeOvIxFFRI+0sEtqDqy2b4A=="],

    "@types/d3-delaunay": ["@types/d3-delaunay@6.0.4", "https://registry.npmmirror.com/@types/d3-delaunay/-/d3-delaunay-6.0.4.tgz", {}, "sha512-ZMaSKu4THYCU6sV64Lhg6qjf1orxBthaC161plr5KuPHo3CNm8DTHiLw/5Eq2b6TsNP0W0iJrUOFscY6Q450Hw=="],

    "@types/d3-force": ["@types/d3-force@2.1.7", "https://registry.npmmirror.com/@types/d3-force/-/d3-force-2.1.7.tgz", {}, "sha512-x5pvWw0HUBrcpMaMOd70ICEL27gOeC9hyhilTc+OP+4tErgEg3w+fZWA475eTrG7gi8BB0TNdfGRprpy09Vo9A=="],

    "@types/d3-format": ["@types/d3-format@1.4.5", "https://registry.npmmirror.com/@types/d3-format/-/d3-format-1.4.5.tgz", {}, "sha512-mLxrC1MSWupOSncXN/HOlWUAAIffAEBaI4+PKy2uMPsKe4FNZlk7qrbTjmzJXITQQqBHivaks4Td18azgqnotA=="],

    "@types/d3-hierarchy": ["@types/d3-hierarchy@3.1.7", "https://registry.npmmirror.com/@types/d3-hierarchy/-/d3-hierarchy-3.1.7.tgz", {}, "sha512-tJFtNoYBtRtkNysX1Xq4sxtjK8YgoWUNpIiUee0/jHGRwqvzYxkq0hGVbbOGSz+JgFxxRu4K8nb3YpG3CMARtg=="],

    "@types/d3-interpolate": ["@types/d3-interpolate@3.0.4", "https://registry.npmmirror.com/@types/d3-interpolate/-/d3-interpolate-3.0.4.tgz", { "dependencies": { "@types/d3-color": "*" } }, "sha512-mgLPETlrpVV1YRJIglr4Ez47g7Yxjl1lj7YKsiMCb27VJH9W8NVM6Bb9d8kkpG/uAQS5AmbA48q2IAolKKo1MA=="],

    "@types/d3-path": ["@types/d3-path@3.1.1", "https://registry.npmmirror.com/@types/d3-path/-/d3-path-3.1.1.tgz", {}, "sha512-VMZBYyQvbGmWyWVea0EHs/BwLgxc+MKi1zLDCONksozI4YJMcTt8ZEuIR4Sb1MMTE8MMW49v0IwI5+b7RmfWlg=="],

    "@types/d3-sankey": ["@types/d3-sankey@0.11.2", "https://registry.npmmirror.com/@types/d3-sankey/-/d3-sankey-0.11.2.tgz", { "dependencies": { "@types/d3-shape": "^1" } }, "sha512-U6SrTWUERSlOhnpSrgvMX64WblX1AxX6nEjI2t3mLK2USpQrnbwYYK+AS9SwiE7wgYmOsSSKoSdr8aoKBH0HgQ=="],

    "@types/d3-scale": ["@types/d3-scale@4.0.9", "https://registry.npmmirror.com/@types/d3-scale/-/d3-scale-4.0.9.tgz", { "dependencies": { "@types/d3-time": "*" } }, "sha512-dLmtwB8zkAeO/juAMfnV+sItKjlsw2lKdZVVy6LRr0cBmegxSABiLEpGVmSJJ8O08i4+sGR6qQtb6WtuwJdvVw=="],

    "@types/d3-scale-chromatic": ["@types/d3-scale-chromatic@3.1.0", "https://registry.npmmirror.com/@types/d3-scale-chromatic/-/d3-scale-chromatic-3.1.0.tgz", {}, "sha512-iWMJgwkK7yTRmWqRB5plb1kadXyQ5Sj8V/zYlFGMUBbIPKQScw+Dku9cAAMgJG+z5GYDoMjWGLVOvjghDEFnKQ=="],

    "@types/d3-shape": ["@types/d3-shape@3.2.0", "https://registry.npmmirror.com/@types/d3-shape/-/d3-shape-3.2.0.tgz", { "dependencies": { "@types/d3-path": "*" } }, "sha512-kVd74ta9eof3eJOvbNd1vGKS/XERRyQbT26Og63hIsvDO84cjD5gEOhsXf26w3FSoNlPVz84DOFcKv/oou+fMw=="],

    "@types/d3-time": ["@types/d3-time@1.1.4", "https://registry.npmmirror.com/@types/d3-time/-/d3-time-1.1.4.tgz", {}, "sha512-JIvy2HjRInE+TXOmIGN5LCmeO0hkFZx5f9FZ7kiN+D+YTcc8pptsiLiuHsvwxwC7VVKmJ2ExHUgNlAiV7vQM9g=="],

    "@types/d3-time-format": ["@types/d3-time-format@3.0.4", "https://registry.npmmirror.com/@types/d3-time-format/-/d3-time-format-3.0.4.tgz", {}, "sha512-or9DiDnYI1h38J9hxKEsw513+KVuFbEVhl7qdxcaudoiqWWepapUen+2vAriFGexr6W5+P4l9+HJrB39GG+oRg=="],

    "@types/node": ["@types/node@26.5.1", "https://registry.npmmirror.com/@types/node/-/node-26.5.1.tgz", { "dependencies": { "undici-types": "~8.9.0" } }, "sha512-CzNm2FezW4VR/LjG6yUdiEgLE/rAQ9Slj5gCu/C2VrdcW7I0ahNZ8DRbHT7zOZ6r3ONgd/bsQIeSaoDGrd1C6g=="],

    "@types/react": ["@types/react@19.3.0", "https://registry.npmmirror.com/@types/react/-/react-19.3.0.tgz", { "dependencies": { "csstype": "^3.2.2" } }, "sha512-N0rFCuH9YoxG9/m61l9MfpJKfmLOVU0em7ipIz6TRgSSkvReLB9vL85GB+yr8Bs5leqpvg96JSwF4ZS1s4viQg=="],

    "@types/react-dom": ["@types/react-dom@19.3.0", "https://registry.npmmirror.com/@types/react-dom/-/react-dom-19.3.0.tgz", { "peerDependencies": { "@types/react": "^19.3.0" } }, "sha512-ZI7bU42mZXXKHn/qNLEw2IrbiINU7X5+vfgdixBHkCNpYWXjKgfQ/P+uyGb5CjOLB9UcnTeg3rylQtV2hym44Q=="],

    "bun-types": ["bun-types@1.4.2", "https://registry.npmmirror.com/bun-types/-/bun-types-1.4.2.tgz", { "dependencies": { "@types/node": "*" } }, "sha512-bxV1FgK7yBIzjRe5zBozIM4Bem11ZJcCXSrjWRG3YWLt8yFDePu4cLjpebO8OvPeIE9trbyPF4fuj3Cia4Fj3w=="],

    "csstype": ["csstype@3.2.3", "https://registry.npmmirror.com/csstype/-/csstype-3.2.3.tgz", {}, "sha512-z1HGKcYy2xA8AGQfwrn0PAy+PB7X/GSj3UVJW9qKyn43xWa+gl5nXmU4qqLMRzWVLFC8KusUX8T/0kCiOYpAIQ=="],

    "d3-array": ["d3-array@3.2.4", "https://registry.npmmirror.com/d3-array/-/d3-array-3.2.4.tgz", { "dependencies": { "internmap": "1 - 2" } }, "sha512-tdQAmyA18i4J7wprpYq8ClcxZy3SC31QMeByyCFyRt7BVHdREQZ5lpzoe5mFEYZUWe+oq8HBvk9JjpibyEV4Jg=="],

    "d3-color": ["d3-color@3.1.0", "https://registry.npmmirror.com/d3-color/-/d3-color-3.1.0.tgz", {}, "sha512-zg/chbXyeBtMQ1LbD/WSoW2DpC3I0mpmPdW+ynRTj/x2DAWYrIY7qeZIHidozwV24m4iavr15lNwIwLxRmOxhA=="],

    "d3-delaunay": ["d3-delaunay@6.0.4", "https://registry.npmmirror.com/d3-delaunay/-/d3-delaunay-6.0.4.tgz", { "dependencies": { "delaunator": "5" } }, "sha512-mdjtIZ1XLAM8bm/hx3WwjfHt6Sggek7qH043O8KEjDXN40xi3vx/6pYSVTwLjEgiXQTbvaouWKynLBiUZ6SK6A=="],

    "d3-dispatch": ["d3-dispatch@2.0.0", "https://registry.npmmirror.com/d3-dispatch/-/d3-dispatch-2.0.0.tgz", {}, "sha512-S/m2VsXI7gAti2pBoLClFFTMOO1HTtT0j99AuXLoGFKO6deHDdnv6ZGTxSTTUTgO1zVcv82fCOtDjYK4EECmWA=="],

    "d3-force": ["d3-force@2.1.1", "https://registry.npmmirror.com/d3-force/-/d3-force-2.1.1.tgz", { "dependencies": { "d3-dispatch": "1 - 2", "d3-quadtree": "1 - 2", "d3-timer": "1 - 2" } }, "sha512-nAuHEzBqMvpFVMf9OX75d00OxvOXdxY+xECIXjW6Gv8BRrXu6gAWbv/9XKrvfJ5i5DCokDW7RYE50LRoK092ew=="],

    "d3-format": ["d3-format@1.4.5", "https://registry.npmmirror.com/d3-format/-/d3-format-1.4.5.tgz", {}, "sha512-J0piedu6Z8iB6TbIGfZgDzfXxUFN3qQRMofy2oPdXzQibYGqPB/9iMcxr/TGalU+2RsyDO+U4f33id8tbnSRMQ=="],

    "d3-hierarchy": ["d3-hierarchy@3.1.2", "https://registry.npmmirror.com/d3-hierarchy/-/d3-hierarchy-3.1.2.tgz", {}, "sha512-FX/9frcub54beBdugHjDCdikxThEqjnR93Qt7PvQTOHxyiNCAlvMrHhclk3cD5VeAaq9fxmfRp+CnWw9rEMBuA=="],

    "d3-interpolate": ["d3-interpolate@3.0.1", "https://registry.npmmirror.com/d3-interpolate/-/d3-interpolate-3.0.1.tgz", { "dependencies": { "d3-color": "1 - 3" } }, "sha512-3bYs1rOD33uo8aqJfKP3JWPAibgw8Zm2+L9vBKEHJ2Rg+viTR7o5Mmv5mZcieN+FRYaAOWX5SJATX6k1PWz72g=="],

    "d3-path": ["d3-path@3.1.0", "https://registry.npmmirror.com/d3-path/-/d3-path-3.1.0.tgz", {}, "sha512-p3KP5HCf/bvjBSSKuXid6Zqijx7wIfNW+J/maPs+iwR35at5JCbLUT0LzF1cnjbCHWhqzQTIN2Jpe8pRebIEFQ=="],

    "d3-quadtree": ["d3-quadtree@2.0.0", "https://registry.npmmirror.com/d3-quadtree/-/d3-quadtree-2.0.0.tgz", {}, "sha512-b0Ed2t1UUalJpc3qXzKi+cPGxeXRr4KU9YSlocN74aTzp6R/Ud43t79yLLqxHRWZfsvWXmbDWPpoENK1K539xw=="],

    "d3-sankey": ["d3-sankey@0.12.3", "https://registry.npmmirror.com/d3-sankey/-/d3-sankey-0.12.3.tgz", { "dependencies": { "d3-array": "1 - 2", "d3-shape": "^1.2.0" } }, "sha512-nQhsBRmM19Ax5xEIPLMY9ZmJ/cDvd1BG3UVvt5h3WRxKg5zGRbvnteTyWAbzeSvlh3tW7ZEmq4VwR5mB3tutmQ=="],

    "d3-scale": ["d3-scale@4.0.2", "https://registry.npmmirror.com/d3-scale/-/d3-scale-4.0.2.tgz", { "dependencies": { "d3-array": "2.10.0 - 3", "d3-format": "1 - 3", "d3-interpolate": "1.2.0 - 3", "d3-time": "2.1.1 - 3", "d3-time-format": "2 - 4" } }, "sha512-GZW464g1SH7ag3Y7hXjf8RoUuAFIqklOAq3MRl4OaWabTFJY9PN/E1YklhXLh+OQ3fM9yS2nOkCoS+WLZ6kvxQ=="],

    "d3-scale-chromatic": ["d3-scale-chromatic@3.1.0", "https://registry.npmmirror.com/d3-scale-chromatic/-/d3-scale-chromatic-3.1.0.tgz", { "dependencies": { "d3-color": "1 - 3", "d3-interpolate": "1 - 3" } }, "sha512-A3s5PWiZ9YCXFye1o246KoscMWqf8BsD9eRiJ3He7C9OBaxKhAd5TFCdEx/7VbKtxxTsu//1mMJFrEt572cEyQ=="],

    "d3-shape": ["d3-shape@3.2.0", "https://registry.npmmirror.com/d3-shape/-/d3-shape-3.2.0.tgz", { "dependencies": { "d3-path": "^3.1.0" } }, "sha512-SaLBuwGm3MOViRq2ABk3eLoxwZELpH6zhl3FbAoJ7Vm1gofKx6El1Ib5z23NUEhF9AsGl7y+dzLe5Cw2AArGTA=="],

    "d3-time": ["d3-time@1.1.0", "https://registry.npmmirror.com/d3-time/-/d3-time-1.1.0.tgz", {}, "sha512-Xh0isrZ5rPYYdqhAVk8VLnMEidhz5aP7htAADH6MfzgmmicPkTo8LhkLxci61/lCB7n7UmE3bN0leRt+qvkLxA=="],

    "d3-time-format": ["d3-time-format@3.0.0", "https://registry.npmmirror.com/d3-time-format/-/d3-time-format-3.0.0.tgz", { "dependencies": { "d3-time": "1 - 2" } }, "sha512-UXJh6EKsHBTjopVqZBhFysQcoXSv/5yLONZvkQ5Kk3qbwiUYkdX17Xa1PT6U1ZWXGGfB1ey5L8dKMlFq2DO0Ag=="],

    "d3-timer": ["d3-timer@2.0.0", "https://registry.npmmirror.com/d3-timer/-/d3-timer-2.0.0.tgz", {}, "sha512-TO4VLh0/420Y/9dO3+f9abDEFYeCUr2WZRlxJvbp4HPTQcSylXNiL6yZa9FIUvV1yRiFufl1bszTCLDqv9PWNA=="],

    "delaunator": ["delaunator@5.1.0", "https://registry.npmmirror.com/delaunator/-/delaunator-5.1.0.tgz", { "dependencies": { "robust-predicates": "^3.0.2" } }, "sha512-AGrQ4QSgssa1NGmWmLPqN5NY2KajF5MqxetNEO+o0n3ZwZZeTmt7bBnvzHWrmkZFxGgr4HdyFgelzgi06otLuQ=="],

    "internmap": ["internmap@2.0.3", "https://registry.npmmirror.com/internmap/-/internmap-2.0.3.tgz", {}, "sha512-5Hh7Y1wQbvY5ooGgPbDaL5iYLAPzMTUrjMulskHLH6wnv/A+1q5rgEaiuqEjB+oxGXIVZs1FF+R/KPN3ZSQYYg=="],

    "lodash": ["lodash@4.18.1", "https://registry.npmmirror.com/lodash/-/lodash-4.18.1.tgz", {}, "sha512-dMInicTPVE8d1e5otfwmmjlxkZoUpiVLwyeTdUsi/Caj/gfzzblBcCE5sRHV/AsjuCmxWrte2TNGSYuCeCq+0Q=="],

    "react": ["react@19.3.0", "https://registry.npmmirror.com/react/-/react-19.3.0.tgz", {}, "sha512-E8LUcbtBWt20bbl2YoHfx4ZDBdxVTfOKtCZn9cDSJ4l6/nuoApcpIBcj47t2wZoVX8g2ZHuMHbiShgCR1T5Sog=="],

    "react-dom": ["react-dom@19.3.0", "https://registry.npmmirror.com/react-dom/-/react-dom-19.3.0.tgz", { "dependencies": { "scheduler": "^0.28.0" }, "peerDependencies": { "react": "^19.3.0" } }, "sha512-JDk8dgif51OjFoDE70+OT9ICyYr+69HlmihNwp1+Nsfbna3t5sIiCa9ZJktDmQ4/1b/rn26hIAR2uYXDMr5r0Q=="],

    "react-virtualized-auto-sizer": ["react-virtualized-auto-sizer@1.0.26", "https://registry.npmmirror.com/react-virtualized-auto-sizer/-/react-virtualized-auto-sizer-1.0.26.tgz", { "peerDependencies": { "react": "^15.3.0 || ^16.0.0-alpha || ^17.0.0 || ^18.0.0 || ^19.0.0", "react-dom": "^15.3.0 || ^16.0.0-alpha || ^17.0.0 || ^18.0.0 || ^19.0.0" } }, "sha512-CblNyiNVw2o+hsa5/49NH2ogGxZ+t+3aweRvNSq7TVjDIlwk7ir4lencEg5HxHeSzwNarSkNkiu0qJSOXtxm5A=="],

    "robust-predicates": ["robust-predicates@3.0.3", "https://registry.npmmirror.com/robust-predicates/-/robust-predicates-3.0.3.tgz", {}, "sha512-NS3levdsRIUOmiJ8FZWCP7LG3QpJyrs/TE0Zpf1yvZu8cAJJ6QMW92H1c7kWpdIHo8RvmLxN/o2JXTKHp74lUA=="],

    "scheduler": ["scheduler@0.28.0", "https://registry.npmmirror.com/scheduler/-/scheduler-0.28.0.tgz", {}, "sha512-juorfCmIkIw8tT+p5BXSm6PJjQF/ycEYmKyzURCIt/RaZIhL+PulbQ9Yu2z1HdOJDdqDTlxA1+xKBmHXJsczAw=="],

    "typescript": ["typescript@5.9.3", "https://registry.npmmirror.com/typescript/-/typescript-5.9.3.tgz", { "bin": { "tsc": "bin/tsc", "tsserver": "bin/tsserver" } }, "sha512-jl1vZzPDinLr9eUt3J/t7V6FgNEw9QjvBPdysz9KfQDD41fQrC2Y4vKQdiaUpFT4bXlb1RHhLpp8wtm6M5TgSw=="],

    "undici-types": ["undici-types@8.9.0", "https://registry.npmmirror.com/undici-types/-/undici-types-8.9.0.tgz", {}, "sha512-KTDyRTYX8sWmKXAikPHHSyc63CRPETMctyjKFupcC6OBLXT3xsN0e9aF7m+mIXutFWpUXuedtowG7iLOzp0kQg=="],

    "use-debounce": ["use-debounce@10.1.1", "https://registry.npmmirror.com/use-debounce/-/use-debounce-10.1.1.tgz", { "peerDependencies": { "react": "*" } }, "sha512-kvds8BHR2k28cFsxW8k3nc/tRga2rs1RHYCqmmGqb90MEeE++oALwzh2COiuBLO1/QXiOuShXoSN2ZpWnMmvuQ=="],

    "@nivo/axes/@types/d3-time-format": ["@types/d3-time-format@2.3.4", "https://registry.npmmirror.com/@types/d3-time-format/-/d3-time-format-2.3.4.tgz", {}, "sha512-xdDXbpVO74EvadI3UDxjxTdR6QIxm1FKzEA/+F8tL4GWWUg/hgvBqf6chql64U5A9ZUGWo7pEu4eNlyLwbKdhg=="],

    "@types/d3-sankey/@types/d3-shape": ["@types/d3-shape@1.3.12", "https://registry.npmmirror.com/@types/d3-shape/-/d3-shape-1.3.12.tgz", { "dependencies": { "@types/d3-path": "^1" } }, "sha512-8oMzcd4+poSLGgV0R1Q1rOlx/xdmozS4Xab7np0eamFFUYq71AU9pOCJEFnkXW2aI/oXdVYJzw6pssbSut7Z9Q=="],

    "d3-sankey/d3-array": ["d3-array@2.12.1", "https://registry.npmmirror.com/d3-array/-/d3-array-2.12.1.tgz", { "dependencies": { "internmap": "^1.0.0" } }, "sha512-B0ErZK/66mHtEsR1TkPEEkwdy+WDesimkM5gpZr5Dsg54BiTA5RXtYW5qTLIAcekaS9xfZrzBLF/OAkB3Qn1YQ=="],

    "d3-sankey/d3-shape": ["d3-shape@1.3.7", "https://registry.npmmirror.com/d3-shape/-/d3-shape-1.3.7.tgz", { "dependencies": { "d3-path": "1" } }, "sha512-EUkvKjqPFUAZyOlhY5gzCxCeI0Aep04LwIRpsZ/mLFelJiUfnK56jo5JMDSE7yyP2kLSb6LtF+S5chMk7uqPqw=="],

    "d3-scale/d3-time": ["d3-time@3.1.0", "https://registry.npmmirror.com/d3-time/-/d3-time-3.1.0.tgz", { "dependencies": { "d3-array": "2 - 3" } }, "sha512-VqKjzBLejbSMT4IgbmVgDjpkYrNWUYJnbCGo874u7MMKIWsILRX+OpX/gTk8MqjpT1A/c6HY2dCA77ZN0lkQ2Q=="],

    "@types/d3-sankey/@types/d3-shape/@types/d3-path": ["@types/d3-path@1.0.11", "https://registry.npmmirror.com/@types/d3-path/-/d3-path-1.0.11.tgz", {}, "sha512-4pQMp8ldf7UaB/gR8Fvvy69psNHkTpD/pVw3vmEi8iZAB9EPMBruB1JvHO4BIq9QkUUd2lV1F5YXpMNj7JPBpw=="],

    "d3-sankey/d3-array/internmap": ["internmap@1.0.1", "https://registry.npmmirror.com/internmap/-/internmap-1.0.1.tgz", {}, "sha512-lDB5YccMydFBtasVtxnZ3MRBHuaoE8GKsppq+EchKL2U4nK/DmEpPHNH8MZe5HkMtpSiTSOZwfN0tzYjO/lJEw=="],

    "d3-sankey/d3-shape/d3-path": ["d3-path@1.0.9", "https://registry.npmmirror.com/d3-path/-/d3-path-1.0.9.tgz", {}, "sha512-VLaYcn81dtHVTjEHd8B+pbe9yHWpXKZUC87PzoFmsFrJqgFwDe/qxfp5MlfsfM1V5E/iVt0MmEbWQ7FVIXh/bg=="],
  }
}
